
Microsoft Visual Studio Solution File, Format Version 12.00
# Visual Studio Version 17
VisualStudioVersion = 17.5.33530.505
MinimumVisualStudioVersion = 10.0.40219.1
Project("{8BC9CEB8-8B4A-11D0-8D11-00A0C91BC942}") = "BinTree", "BinTree\BinTree.vcxproj", "{DCC672F4-F06F-40A9-AACE-DC5C9DAFA3B1}"
EndProject
Project("{8BC9CEB8-8B4A-11D0-8D11-00A0C91BC942}") = "UnitTest_BinTree", "UnitTest_BinTree\UnitTest_BinTree.vcxproj", "{37029684-6853-4D79-8A7E-5A90ECD311F7}"
EndProject
Global
	GlobalSection(SolutionConfigurationPlatforms) = preSolution
		Debug|x64 = Debug|x64
		Debug|x86 = Debug|x86
		Release|x64 = Release|x64
		Release|x86 = Release|x86
	EndGlobalSection
	GlobalSection(ProjectConfigurationPlatforms) = postSolution
		{DCC672F4-F06F-40A9-AACE-DC5C9DAFA3B1}.Debug|x64.ActiveCfg = Debug|x64
		{DCC672F4-F06F-40A9-AACE-DC5C9DAFA3B1}.Debug|x64.Build.0 = Debug|x64
		{DCC672F4-F06F-40A9-AACE-DC5C9DAFA3B1}.Debug|x86.ActiveCfg = Debug|Win32
		{DCC672F4-F06F-40A9-AACE-DC5C9DAFA3B1}.Debug|x86.Build.0 = Debug|Win32
		{DCC672F4-F06F-40A9-AACE-DC5C9DAFA3B1}.Release|x64.ActiveCfg = Release|x64
		{DCC672F4-F06F-40A9-AACE-DC5C9DAFA3B1}.Release|x64.Build.0 = Release|x64
		{DCC672F4-F06F-40A9-AACE-DC5C9DAFA3B1}.Release|x86.ActiveCfg = Release|Win32
		{DCC672F4-F06F-40A9-AACE-DC5C9DAFA3B1}.Release|x86.Build.0 = Release|Win32
		{37029684-6853-4D79-8A7E-5A90ECD311F7}.Debug|x64.ActiveCfg = Debug|x64
		{37029684-6853-4D79-8A7E-5A90ECD311F7}.Debug|x64.Build.0 = Debug|x64
		{37029684-6853-4D79-8A7E-5A90ECD311F7}.Debug|x86.ActiveCfg = Debug|Win32
		{37029684-6853-4D79-8A7E-5A90ECD311F7}.Debug|x86.Build.0 = Debug|Win32
		{37029684-6853-4D79-8A7E-5A90ECD311F7}.Release|x64.ActiveCfg = Release|x64
		{37029684-6853-4D79-8A7E-5A90ECD311F7}.Release|x64.Build.0 = Release|x64
		{37029684-6853-4D79-8A7E-5A90ECD311F7}.Release|x86.ActiveCfg = Release|Win32
		{37029684-6853-4D79-8A7E-5A90ECD311F7}.Release|x86.Build.0 = Release|Win32
	EndGlobalSection
	GlobalSection(SolutionProperties) = preSolution
		HideSolutionNode = FALSE
	EndGlobalSection
	GlobalSection(ExtensibilityGlobals) = postSolution
		SolutionGuid = {8060200C-F81E-4F29-95BE-1EE2AAEE935D}
	EndGlobalSection
EndGlobal
